
Microsoft Visual Studio Solution File, Format Version 12.00
# Visual Studio 15
VisualStudioVersion = 15.0.27703.2035
MinimumVisualStudioVersion = 10.0.40219.1
Project("{E24C65DC-7377-472B-9ABA-BC803B73C61A}") = "MichaelHeimburger.github.io", ".", "{155EB9C4-F468-4AC2-B736-34BB8AB37300}"
	ProjectSection(WebsiteProperties) = preProject
		TargetFrameworkMoniker = ".NETFramework,Version%3Dv4.6.1"
		Debug.AspNetCompiler.VirtualPath = "/localhost_56166"
		Debug.AspNetCompiler.PhysicalPath = "..\MichaelHeimburger.github.io\"
		Debug.AspNetCompiler.TargetPath = "PrecompiledWeb\localhost_56166\"
		Debug.AspNetCompiler.Updateable = "true"
		Debug.AspNetCompiler.ForceOverwrite = "true"
		Debug.AspNetCompiler.FixedNames = "false"
		Debug.AspNetCompiler.Debug = "True"
		Release.AspNetCompiler.VirtualPath = "/localhost_56166"
		Release.AspNetCompiler.PhysicalPath = "..\MichaelHeimburger.github.io\"
		Release.AspNetCompiler.TargetPath = "PrecompiledWeb\localhost_56166\"
		Release.AspNetCompiler.Updateable = "true"
		Release.AspNetCompiler.ForceOverwrite = "true"
		Release.AspNetCompiler.FixedNames = "false"
		Release.AspNetCompiler.Debug = "False"
		VWDPort = "56166"
		SlnRelativePath = "..\MichaelHeimburger.github.io\"
	EndProjectSection
EndProject
Global
	GlobalSection(SolutionConfigurationPlatforms) = preSolution
		Debug|Any CPU = Debug|Any CPU
	EndGlobalSection
	GlobalSection(ProjectConfigurationPlatforms) = postSolution
		{155EB9C4-F468-4AC2-B736-34BB8AB37300}.Debug|Any CPU.ActiveCfg = Debug|Any CPU
		{155EB9C4-F468-4AC2-B736-34BB8AB37300}.Debug|Any CPU.Build.0 = Debug|Any CPU
	EndGlobalSection
	GlobalSection(SolutionProperties) = preSolution
		HideSolutionNode = FALSE
	EndGlobalSection
	GlobalSection(ExtensibilityGlobals) = postSolution
		SolutionGuid = {829779D0-DFD5-4679-A3C3-BB3A66833923}
	EndGlobalSection
EndGlobal
